
Microsoft Visual Studio Solution File, Format Version 12.00
# Visual Studio Version 16
VisualStudioVersion = 16.0.29709.97
MinimumVisualStudioVersion = 10.0.40219.1
Project("{FAE04EC0-301F-11D3-BF4B-00C04F79EFBC}") = "aplicacaoWeb", "aplicacaoWeb.csproj", "{2193EE57-E8A4-4E1C-8258-59CB977B969E}"
EndProject
Global
	GlobalSection(SolutionConfigurationPlatforms) = preSolution
		Debug|Any CPU = Debug|Any CPU
		Release|Any CPU = Release|Any CPU
	EndGlobalSection
	GlobalSection(ProjectConfigurationPlatforms) = postSolution
		{2193EE57-E8A4-4E1C-8258-59CB977B969E}.Debug|Any CPU.ActiveCfg = Debug|Any CPU
		{2193EE57-E8A4-4E1C-8258-59CB977B969E}.Debug|Any CPU.Build.0 = Debug|Any CPU
		{2193EE57-E8A4-4E1C-8258-59CB977B969E}.Release|Any CPU.ActiveCfg = Release|Any CPU
		{2193EE57-E8A4-4E1C-8258-59CB977B969E}.Release|Any CPU.Build.0 = Release|Any CPU
	EndGlobalSection
	GlobalSection(SolutionProperties) = preSolution
		HideSolutionNode = FALSE
	EndGlobalSection
	GlobalSection(ExtensibilityGlobals) = postSolution
		SolutionGuid = {4CEE2A31-C27C-4628-B884-EAFEF532F8EA}
	EndGlobalSection
EndGlobal
